// !$*UTF8*$!
{
	archiveVersion = 1;
	classes = {
	};
	objectVersion = 56;
	objects = {

/* Begin PBXBuildFile section */
		AA2193A82B568CA8007CFE98 /* TypographyView.swift in Sources */ = {isa = PBXBuildFile; fileRef = AA2193A72B568CA7007CFE98 /* TypographyView.swift */; };
		AA2F17122B07C34F00E929ED /* TesterApp.swift in Sources */ = {isa = PBXBuildFile; fileRef = AA2F17112B07C34F00E929ED /* TesterApp.swift */; };
		AA2F17142B07C34F00E929ED /* ContentView.swift in Sources */ = {isa = PBXBuildFile; fileRef = AA2F17132B07C34F00E929ED /* ContentView.swift */; };
		AA2F17162B07C35400E929ED /* Assets.xcassets in Resources */ = {isa = PBXBuildFile; fileRef = AA2F17152B07C35400E929ED /* Assets.xcassets */; };
		AA2F171A2B07C35400E929ED /* Preview Assets.xcassets in Resources */ = {isa = PBXBuildFile; fileRef = AA2F17192B07C35400E929ED /* Preview Assets.xcassets */; };
		AA2F17212B07C3FE00E929ED /* LangRecognizerView.swift in Sources */ = {isa = PBXBuildFile; fileRef = AA2F17202B07C3FE00E929ED /* LangRecognizerView.swift */; };
		AA8D3D1E2B56FFFE00E8484F /* MyPlayground.swift in Sources */ = {isa = PBXBuildFile; fileRef = AA8D3D1D2B56FFFE00E8484F /* MyPlayground.swift */; };
		AA96C0862B08B5C100EE44E0 /* ScrollMotion.swift in Sources */ = {isa = PBXBuildFile; fileRef = AA96C0852B08B5C100EE44E0 /* ScrollMotion.swift */; };
		AAA0BBCD2B1A2077001E3BFB /* MapView.swift in Sources */ = {isa = PBXBuildFile; fileRef = AAA0BBCC2B1A2077001E3BFB /* MapView.swift */; };
		AAA0BBCF2B1A21D7001E3BFB /* Helpers.swift in Sources */ = {isa = PBXBuildFile; fileRef = AAA0BBCE2B1A21D7001E3BFB /* Helpers.swift */; };
		AAA0BBD12B1E33C8001E3BFB /* pocView.swift in Sources */ = {isa = PBXBuildFile; fileRef = AAA0BBD02B1E33C8001E3BFB /* pocView.swift */; };
		AAD88DF32B1A04F0004F94DE /* Extensions.swift in Sources */ = {isa = PBXBuildFile; fileRef = AAD88DF22B1A04F0004F94DE /* Extensions.swift */; };
		AAFFE12C2B19EAA00064A91B /* NavigationView.swift in Sources */ = {isa = PBXBuildFile; fileRef = AAFFE12B2B19EAA00064A91B /* NavigationView.swift */; };
		AAFFE12E2B19EF8A0064A91B /* MainMenu.swift in Sources */ = {isa = PBXBuildFile; fileRef = AAFFE12D2B19EF8A0064A91B /* MainMenu.swift */; };
/* End PBXBuildFile section */

/* Begin PBXFileReference section */
		AA2193A72B568CA7007CFE98 /* TypographyView.swift */ = {isa = PBXFileReference; lastKnownFileType = sourcecode.swift; path = TypographyView.swift; sourceTree = "<group>"; };
		AA2F170E2B07C34F00E929ED /* Tester.app */ = {isa = PBXFileReference; explicitFileType = wrapper.application; includeInIndex = 0; path = Tester.app; sourceTree = BUILT_PRODUCTS_DIR; };
		AA2F17112B07C34F00E929ED /* TesterApp.swift */ = {isa = PBXFileReference; lastKnownFileType = sourcecode.swift; path = TesterApp.swift; sourceTree = "<group>"; };
		AA2F17132B07C34F00E929ED /* ContentView.swift */ = {isa = PBXFileReference; lastKnownFileType = sourcecode.swift; path = ContentView.swift; sourceTree = "<group>"; };
		AA2F17152B07C35400E929ED /* Assets.xcassets */ = {isa = PBXFileReference; lastKnownFileType = folder.assetcatalog; path = Assets.xcassets; sourceTree = "<group>"; };
		AA2F17172B07C35400E929ED /* Tester.entitlements */ = {isa = PBXFileReference; lastKnownFileType = text.plist.entitlements; path = Tester.entitlements; sourceTree = "<group>"; };
		AA2F17192B07C35400E929ED /* Preview Assets.xcassets */ = {isa = PBXFileReference; lastKnownFileType = folder.assetcatalog; path = "Preview Assets.xcassets"; sourceTree = "<group>"; };
		AA2F17202B07C3FE00E929ED /* LangRecognizerView.swift */ = {isa = PBXFileReference; lastKnownFileType = sourcecode.swift; path = LangRecognizerView.swift; sourceTree = "<group>"; };
		AA6D3A282B289BEA00A2D788 /* Info.plist */ = {isa = PBXFileReference; lastKnownFileType = text.plist; path = Info.plist; sourceTree = "<group>"; };
		AA8D3D1D2B56FFFE00E8484F /* MyPlayground.swift */ = {isa = PBXFileReference; lastKnownFileType = sourcecode.swift; path = MyPlayground.swift; sourceTree = "<group>"; };
		AA96C0852B08B5C100EE44E0 /* ScrollMotion.swift */ = {isa = PBXFileReference; lastKnownFileType = sourcecode.swift; path = ScrollMotion.swift; sourceTree = "<group>"; };
		AAA0BBCC2B1A2077001E3BFB /* MapView.swift */ = {isa = PBXFileReference; lastKnownFileType = sourcecode.swift; path = MapView.swift; sourceTree = "<group>"; };
		AAA0BBCE2B1A21D7001E3BFB /* Helpers.swift */ = {isa = PBXFileReference; lastKnownFileType = sourcecode.swift; path = Helpers.swift; sourceTree = "<group>"; };
		AAA0BBD02B1E33C8001E3BFB /* pocView.swift */ = {isa = PBXFileReference; lastKnownFileType = sourcecode.swift; path = pocView.swift; sourceTree = "<group>"; };
		AAD88DF22B1A04F0004F94DE /* Extensions.swift */ = {isa = PBXFileReference; lastKnownFileType = sourcecode.swift; path = Extensions.swift; sourceTree = "<group>"; };
		AAFFE12B2B19EAA00064A91B /* NavigationView.swift */ = {isa = PBXFileReference; lastKnownFileType = sourcecode.swift; path = NavigationView.swift; sourceTree = "<group>"; };
		AAFFE12D2B19EF8A0064A91B /* MainMenu.swift */ = {isa = PBXFileReference; lastKnownFileType = sourcecode.swift; path = MainMenu.swift; sourceTree = "<group>"; };
/* End PBXFileReference section */

/* Begin PBXFrameworksBuildPhase section */
		AA2F170B2B07C34F00E929ED /* Frameworks */ = {
			isa = PBXFrameworksBuildPhase;
			buildActionMask = 2147483647;
			files = (
			);
			runOnlyForDeploymentPostprocessing = 0;
		};
/* End PBXFrameworksBuildPhase section */

/* Begin PBXGroup section */
		AA2F17052B07C34F00E929ED = {
			isa = PBXGroup;
			children = (
				AA2F17102B07C34F00E929ED /* Tester */,
				AA2F170F2B07C34F00E929ED /* Products */,
			);
			sourceTree = "<group>";
		};
		AA2F170F2B07C34F00E929ED /* Products */ = {
			isa = PBXGroup;
			children = (
				AA2F170E2B07C34F00E929ED /* Tester.app */,
			);
			name = Products;
			sourceTree = "<group>";
		};
		AA2F17102B07C34F00E929ED /* Tester */ = {
			isa = PBXGroup;
			children = (
				AA6D3A282B289BEA00A2D788 /* Info.plist */,
				AA2F17112B07C34F00E929ED /* TesterApp.swift */,
				AA2F17132B07C34F00E929ED /* ContentView.swift */,
				AAFFE12D2B19EF8A0064A91B /* MainMenu.swift */,
				AA2193A72B568CA7007CFE98 /* TypographyView.swift */,
				AAA0BBD02B1E33C8001E3BFB /* pocView.swift */,
				AAA0BBCC2B1A2077001E3BFB /* MapView.swift */,
				AAD88DF22B1A04F0004F94DE /* Extensions.swift */,
				AAA0BBCE2B1A21D7001E3BFB /* Helpers.swift */,
				AAFFE12B2B19EAA00064A91B /* NavigationView.swift */,
				AA2F17202B07C3FE00E929ED /* LangRecognizerView.swift */,
				AA96C0852B08B5C100EE44E0 /* ScrollMotion.swift */,
				AA2F17152B07C35400E929ED /* Assets.xcassets */,
				AA2F17172B07C35400E929ED /* Tester.entitlements */,
				AA2F17182B07C35400E929ED /* Preview Content */,
				AA8D3D1D2B56FFFE00E8484F /* MyPlayground.swift */,
			);
			path = Tester;
			sourceTree = "<group>";
		};
		AA2F17182B07C35400E929ED /* Preview Content */ = {
			isa = PBXGroup;
			children = (
				AA2F17192B07C35400E929ED /* Preview Assets.xcassets */,
			);
			path = "Preview Content";
			sourceTree = "<group>";
		};
/* End PBXGroup section */

/* Begin PBXNativeTarget section */
		AA2F170D2B07C34F00E929ED /* Tester */ = {
			isa = PBXNativeTarget;
			buildConfigurationList = AA2F171D2B07C35400E929ED /* Build configuration list for PBXNativeTarget "Tester" */;
			buildPhases = (
				AA2F170A2B07C34F00E929ED /* Sources */,
				AA2F170B2B07C34F00E929ED /* Frameworks */,
				AA2F170C2B07C34F00E929ED /* Resources */,
			);
			buildRules = (
			);
			dependencies = (
			);
			name = Tester;
			productName = Tester;
			productReference = AA2F170E2B07C34F00E929ED /* Tester.app */;
			productType = "com.apple.product-type.application";
		};
/* End PBXNativeTarget section */

/* Begin PBXProject section */
		AA2F17062B07C34F00E929ED /* Project object */ = {
			isa = PBXProject;
			attributes = {
				BuildIndependentTargetsInParallel = 1;
				LastSwiftUpdateCheck = 1500;
				LastUpgradeCheck = 1500;
				TargetAttributes = {
					AA2F170D2B07C34F00E929ED = {
						CreatedOnToolsVersion = 15.0.1;
					};
				};
			};
			buildConfigurationList = AA2F17092B07C34F00E929ED /* Build configuration list for PBXProject "Tester" */;
			compatibilityVersion = "Xcode 14.0";
			developmentRegion = en;
			hasScannedForEncodings = 0;
			knownRegions = (
				en,
				Base,
			);
			mainGroup = AA2F17052B07C34F00E929ED;
			productRefGroup = AA2F170F2B07C34F00E929ED /* Products */;
			projectDirPath = "";
			projectRoot = "";
			targets = (
				AA2F170D2B07C34F00E929ED /* Tester */,
			);
		};
/* End PBXProject section */

/* Begin PBXResourcesBuildPhase section */
		AA2F170C2B07C34F00E929ED /* Resources */ = {
			isa = PBXResourcesBuildPhase;
			buildActionMask = 2147483647;
			files = (
				AA2F171A2B07C35400E929ED /* Preview Assets.xcassets in Resources */,
				AA2F17162B07C35400E929ED /* Assets.xcassets in Resources */,
			);
			runOnlyForDeploymentPostprocessing = 0;
		};
/* End PBXResourcesBuildPhase section */

/* Begin PBXSourcesBuildPhase section */
		AA2F170A2B07C34F00E929ED /* Sources */ = {
			isa = PBXSourcesBuildPhase;
			buildActionMask = 2147483647;
			files = (
				AA8D3D1E2B56FFFE00E8484F /* MyPlayground.swift in Sources */,
				AA2F17212B07C3FE00E929ED /* LangRecognizerView.swift in Sources */,
				AAA0BBCD2B1A2077001E3BFB /* MapView.swift in Sources */,
				AAFFE12E2B19EF8A0064A91B /* MainMenu.swift in Sources */,
				AA2F17142B07C34F00E929ED /* ContentView.swift in Sources */,
				AAA0BBCF2B1A21D7001E3BFB /* Helpers.swift in Sources */,
				AAFFE12C2B19EAA00064A91B /* NavigationView.swift in Sources */,
				AA2193A82B568CA8007CFE98 /* TypographyView.swift in Sources */,
				AA96C0862B08B5C100EE44E0 /* ScrollMotion.swift in Sources */,
				AA2F17122B07C34F00E929ED /* TesterApp.swift in Sources */,
				AAD88DF32B1A04F0004F94DE /* Extensions.swift in Sources */,
				AAA0BBD12B1E33C8001E3BFB /* pocView.swift in Sources */,
			);
			runOnlyForDeploymentPostprocessing = 0;
		};
/* End PBXSourcesBuildPhase section */

/* Begin XCBuildConfiguration section */
		AA2F171B2B07C35400E929ED /* Debug */ = {
			isa = XCBuildConfiguration;
			buildSettings = {
				ALWAYS_SEARCH_USER_PATHS = NO;
				ASSETCATALOG_COMPILER_GENERATE_SWIFT_ASSET_SYMBOL_EXTENSIONS = YES;
				CLANG_ANALYZER_NONNULL = YES;
				CLANG_ANALYZER_NUMBER_OBJECT_CONVERSION = YES_AGGRESSIVE;
				CLANG_CXX_LANGUAGE_STANDARD = "gnu++20";
				CLANG_ENABLE_MODULES = YES;
				CLANG_ENABLE_OBJC_ARC = YES;
				CLANG_ENABLE_OBJC_WEAK = YES;
				CLANG_WARN_BLOCK_CAPTURE_AUTORELEASING = YES;
				CLANG_WARN_BOOL_CONVERSION = YES;
				CLANG_WARN_COMMA = YES;
				CLANG_WARN_CONSTANT_CONVERSION = YES;
				CLANG_WARN_DEPRECATED_OBJC_IMPLEMENTATIONS = YES;
				CLANG_WARN_DIRECT_OBJC_ISA_USAGE = YES_ERROR;
				CLANG_WARN_DOCUMENTATION_COMMENTS = YES;
				CLANG_WARN_EMPTY_BODY = YES;
				CLANG_WARN_ENUM_CONVERSION = YES;
				CLANG_WARN_INFINITE_RECURSION = YES;
				CLANG_WARN_INT_CONVERSION = YES;
				CLANG_WARN_NON_LITERAL_NULL_CONVERSION = YES;
				CLANG_WARN_OBJC_IMPLICIT_RETAIN_SELF = YES;
				CLANG_WARN_OBJC_LITERAL_CONVERSION = YES;
				CLANG_WARN_OBJC_ROOT_CLASS = YES_ERROR;
				CLANG_WARN_QUOTED_INCLUDE_IN_FRAMEWORK_HEADER = YES;
				CLANG_WARN_RANGE_LOOP_ANALYSIS = YES;
				CLANG_WARN_STRICT_PROTOTYPES = YES;
				CLANG_WARN_SUSPICIOUS_MOVE = YES;
				CLANG_WARN_UNGUARDED_AVAILABILITY = YES_AGGRESSIVE;
				CLANG_WARN_UNREACHABLE_CODE = YES;
				CLANG_WARN__DUPLICATE_METHOD_MATCH = YES;
				COPY_PHASE_STRIP = NO;
				DEBUG_INFORMATION_FORMAT = dwarf;
				ENABLE_STRICT_OBJC_MSGSEND = YES;
				ENABLE_TESTABILITY = YES;
				ENABLE_USER_SCRIPT_SANDBOXING = YES;
				GCC_C_LANGUAGE_STANDARD = gnu17;
				GCC_DYNAMIC_NO_PIC = NO;
				GCC_NO_COMMON_BLOCKS = YES;
				GCC_OPTIMIZATION_LEVEL = 0;
				GCC_PREPROCESSOR_DEFINITIONS = (
					"DEBUG=1",
					"$(inherited)",
				);
				GCC_WARN_64_TO_32_BIT_CONVERSION = YES;
				GCC_WARN_ABOUT_RETURN_TYPE = YES_ERROR;
				GCC_WARN_UNDECLARED_SELECTOR = YES;
				GCC_WARN_UNINITIALIZED_AUTOS = YES_AGGRESSIVE;
				GCC_WARN_UNUSED_FUNCTION = YES;
				GCC_WARN_UNUSED_VARIABLE = YES;
				LOCALIZATION_PREFERS_STRING_CATALOGS = YES;
				MTL_ENABLE_DEBUG_INFO = INCLUDE_SOURCE;
				MTL_FAST_MATH = YES;
				ONLY_ACTIVE_ARCH = YES;
				SWIFT_ACTIVE_COMPILATION_CONDITIONS = "DEBUG $(inherited)";
				SWIFT_OPTIMIZATION_LEVEL = "-Onone";
			};
			name = Debug;
		};
		AA2F171C2B07C35400E929ED /* Release */ = {
			isa = XCBuildConfiguration;
			buildSettings = {
				ALWAYS_SEARCH_USER_PATHS = NO;
				ASSETCATALOG_COMPILER_GENERATE_SWIFT_ASSET_SYMBOL_EXTENSIONS = YES;
				CLANG_ANALYZER_NONNULL = YES;
				CLANG_ANALYZER_NUMBER_OBJECT_CONVERSION = YES_AGGRESSIVE;
				CLANG_CXX_LANGUAGE_STANDARD = "gnu++20";
				CLANG_ENABLE_MODULES = YES;
				CLANG_ENABLE_OBJC_ARC = YES;
				CLANG_ENABLE_OBJC_WEAK = YES;
				CLANG_WARN_BLOCK_CAPTURE_AUTORELEASING = YES;
				CLANG_WARN_BOOL_CONVERSION = YES;
				CLANG_WARN_COMMA = YES;
				CLANG_WARN_CONSTANT_CONVERSION = YES;
				CLANG_WARN_DEPRECATED_OBJC_IMPLEMENTATIONS = YES;
				CLANG_WARN_DIRECT_OBJC_ISA_USAGE = YES_ERROR;
				CLANG_WARN_DOCUMENTATION_COMMENTS = YES;
				CLANG_WARN_EMPTY_BODY = YES;
				CLANG_WARN_ENUM_CONVERSION = YES;
				CLANG_WARN_INFINITE_RECURSION = YES;
				CLANG_WARN_INT_CONVERSION = YES;
				CLANG_WARN_NON_LITERAL_NULL_CONVERSION = YES;
				CLANG_WARN_OBJC_IMPLICIT_RETAIN_SELF = YES;
				CLANG_WARN_OBJC_LITERAL_CONVERSION = YES;
				CLANG_WARN_OBJC_ROOT_CLASS = YES_ERROR;
				CLANG_WARN_QUOTED_INCLUDE_IN_FRAMEWORK_HEADER = YES;
				CLANG_WARN_RANGE_LOOP_ANALYSIS = YES;
				CLANG_WARN_STRICT_PROTOTYPES = YES;
				CLANG_WARN_SUSPICIOUS_MOVE = YES;
				CLANG_WARN_UNGUARDED_AVAILABILITY = YES_AGGRESSIVE;
				CLANG_WARN_UNREACHABLE_CODE = YES;
				CLANG_WARN__DUPLICATE_METHOD_MATCH = YES;
				COPY_PHASE_STRIP = NO;
				DEBUG_INFORMATION_FORMAT = "dwarf-with-dsym";
				ENABLE_NS_ASSERTIONS = NO;
				ENABLE_STRICT_OBJC_MSGSEND = YES;
				ENABLE_USER_SCRIPT_SANDBOXING = YES;
				GCC_C_LANGUAGE_STANDARD = gnu17;
				GCC_NO_COMMON_BLOCKS = YES;
				GCC_WARN_64_TO_32_BIT_CONVERSION = YES;
				GCC_WARN_ABOUT_RETURN_TYPE = YES_ERROR;
				GCC_WARN_UNDECLARED_SELECTOR = YES;
				GCC_WARN_UNINITIALIZED_AUTOS = YES_AGGRESSIVE;
				GCC_WARN_UNUSED_FUNCTION = YES;
				GCC_WARN_UNUSED_VARIABLE = YES;
				LOCALIZATION_PREFERS_STRING_CATALOGS = YES;
				MTL_ENABLE_DEBUG_INFO = NO;
				MTL_FAST_MATH = YES;
				SWIFT_COMPILATION_MODE = wholemodule;
			};
			name = Release;
		};
		AA2F171E2B07C35400E929ED /* Debug */ = {
			isa = XCBuildConfiguration;
			buildSettings = {
				ASSETCATALOG_COMPILER_APPICON_NAME = AppIcon;
				ASSETCATALOG_COMPILER_GLOBAL_ACCENT_COLOR_NAME = AccentColor;
				CODE_SIGN_ENTITLEMENTS = Tester/Tester.entitlements;
				CODE_SIGN_STYLE = Automatic;
				CURRENT_PROJECT_VERSION = 001;
				DEVELOPMENT_ASSET_PATHS = "\"Tester/Preview Content\"";
				DEVELOPMENT_TEAM = 57973X84UC;
				ENABLE_HARDENED_RUNTIME = YES;
				ENABLE_PREVIEWS = YES;
				GENERATE_INFOPLIST_FILE = YES;
				INFOPLIST_FILE = Tester/Info.plist;
				INFOPLIST_KEY_NSFileProviderDomainUsageDescription = "";
				INFOPLIST_KEY_NSLocationWhenInUseUsageDescription = "We need to shwo the map";
				"INFOPLIST_KEY_UIApplicationSceneManifest_Generation[sdk=iphoneos*]" = YES;
				"INFOPLIST_KEY_UIApplicationSceneManifest_Generation[sdk=iphonesimulator*]" = YES;
				"INFOPLIST_KEY_UIApplicationSupportsIndirectInputEvents[sdk=iphoneos*]" = YES;
				"INFOPLIST_KEY_UIApplicationSupportsIndirectInputEvents[sdk=iphonesimulator*]" = YES;
				"INFOPLIST_KEY_UILaunchScreen_Generation[sdk=iphoneos*]" = YES;
				"INFOPLIST_KEY_UILaunchScreen_Generation[sdk=iphonesimulator*]" = YES;
				"INFOPLIST_KEY_UIStatusBarStyle[sdk=iphoneos*]" = UIStatusBarStyleDefault;
				"INFOPLIST_KEY_UIStatusBarStyle[sdk=iphonesimulator*]" = UIStatusBarStyleDefault;
				INFOPLIST_KEY_UISupportedInterfaceOrientations = UIInterfaceOrientationPortrait;
				INFOPLIST_KEY_UISupportedInterfaceOrientations_iPad = "UIInterfaceOrientationLandscapeLeft UIInterfaceOrientationLandscapeRight UIInterfaceOrientationPortrait UIInterfaceOrientationPortraitUpsideDown";
				IPHONEOS_DEPLOYMENT_TARGET = 17.0;
				LD_RUNPATH_SEARCH_PATHS = "@executable_path/Frameworks";
				"LD_RUNPATH_SEARCH_PATHS[sdk=macosx*]" = "@executable_path/../Frameworks";
				MACOSX_DEPLOYMENT_TARGET = 14.0;
				MARKETING_VERSION = 1.0.0;
				PRODUCT_BUNDLE_IDENTIFIER = eu.eckodesign.Tester;
				PRODUCT_NAME = "$(TARGET_NAME)";
				SDKROOT = auto;
				SUPPORTED_PLATFORMS = "iphoneos iphonesimulator";
				SUPPORTS_MACCATALYST = NO;
				SWIFT_EMIT_LOC_STRINGS = YES;
				SWIFT_VERSION = 5.0;
				TARGETED_DEVICE_FAMILY = 1;
			};
			name = Debug;
		};
		AA2F171F2B07C35400E929ED /* Release */ = {
			isa = XCBuildConfiguration;
			buildSettings = {
				ASSETCATALOG_COMPILER_APPICON_NAME = AppIcon;
				ASSETCATALOG_COMPILER_GLOBAL_ACCENT_COLOR_NAME = AccentColor;
				CODE_SIGN_ENTITLEMENTS = Tester/Tester.entitlements;
				CODE_SIGN_STYLE = Automatic;
				CURRENT_PROJECT_VERSION = 001;
				DEVELOPMENT_ASSET_PATHS = "\"Tester/Preview Content\"";
				DEVELOPMENT_TEAM = 57973X84UC;
				ENABLE_HARDENED_RUNTIME = YES;
				ENABLE_PREVIEWS = YES;
				GENERATE_INFOPLIST_FILE = YES;
				INFOPLIST_FILE = Tester/Info.plist;
				INFOPLIST_KEY_NSFileProviderDomainUsageDescription = "";
				INFOPLIST_KEY_NSLocationWhenInUseUsageDescription = "We need to shwo the map";
				"INFOPLIST_KEY_UIApplicationSceneManifest_Generation[sdk=iphoneos*]" = YES;
				"INFOPLIST_KEY_UIApplicationSceneManifest_Generation[sdk=iphonesimulator*]" = YES;
				"INFOPLIST_KEY_UIApplicationSupportsIndirectInputEvents[sdk=iphoneos*]" = YES;
				"INFOPLIST_KEY_UIApplicationSupportsIndirectInputEvents[sdk=iphonesimulator*]" = YES;
				"INFOPLIST_KEY_UILaunchScreen_Generation[sdk=iphoneos*]" = YES;
				"INFOPLIST_KEY_UILaunchScreen_Generation[sdk=iphonesimulator*]" = YES;
				"INFOPLIST_KEY_UIStatusBarStyle[sdk=iphoneos*]" = UIStatusBarStyleDefault;
				"INFOPLIST_KEY_UIStatusBarStyle[sdk=iphonesimulator*]" = UIStatusBarStyleDefault;
				INFOPLIST_KEY_UISupportedInterfaceOrientations = UIInterfaceOrientationPortrait;
				INFOPLIST_KEY_UISupportedInterfaceOrientations_iPad = "UIInterfaceOrientationLandscapeLeft UIInterfaceOrientationLandscapeRight UIInterfaceOrientationPortrait UIInterfaceOrientationPortraitUpsideDown";
				IPHONEOS_DEPLOYMENT_TARGET = 17.0;
				LD_RUNPATH_SEARCH_PATHS = "@executable_path/Frameworks";
				"LD_RUNPATH_SEARCH_PATHS[sdk=macosx*]" = "@executable_path/../Frameworks";
				MACOSX_DEPLOYMENT_TARGET = 14.0;
				MARKETING_VERSION = 1.0.0;
				PRODUCT_BUNDLE_IDENTIFIER = eu.eckodesign.Tester;
				PRODUCT_NAME = "$(TARGET_NAME)";
				SDKROOT = auto;
				SUPPORTED_PLATFORMS = "iphoneos iphonesimulator";
				SUPPORTS_MACCATALYST = NO;
				SWIFT_EMIT_LOC_STRINGS = YES;
				SWIFT_VERSION = 5.0;
				TARGETED_DEVICE_FAMILY = 1;
			};
			name = Release;
		};
/* End XCBuildConfiguration section */

/* Begin XCConfigurationList section */
		AA2F17092B07C34F00E929ED /* Build configuration list for PBXProject "Tester" */ = {
			isa = XCConfigurationList;
			buildConfigurations = (
				AA2F171B2B07C35400E929ED /* Debug */,
				AA2F171C2B07C35400E929ED /* Release */,
			);
			defaultConfigurationIsVisible = 0;
			defaultConfigurationName = Release;
		};
		AA2F171D2B07C35400E929ED /* Build configuration list for PBXNativeTarget "Tester" */ = {
			isa = XCConfigurationList;
			buildConfigurations = (
				AA2F171E2B07C35400E929ED /* Debug */,
				AA2F171F2B07C35400E929ED /* Release */,
			);
			defaultConfigurationIsVisible = 0;
			defaultConfigurationName = Release;
		};
/* End XCConfigurationList section */
	};
	rootObject = AA2F17062B07C34F00E929ED /* Project object */;
}
